
Microsoft Visual Studio Solution File, Format Version 12.00
# Visual Studio Version 16
VisualStudioVersion = 16.0.31205.134
MinimumVisualStudioVersion = 10.0.40219.1
Project("{FAE04EC0-301F-11D3-BF4B-00C04F79EFBC}") = "DiamondProblem", "DiamondProblem\DiamondProblem.csproj", "{A37A8A06-BAEC-4B1B-92D5-3A187F63432B}"
EndProject
Project("{FAE04EC0-301F-11D3-BF4B-00C04F79EFBC}") = "DiamondProblemTests", "DiamondProblemTests\DiamondProblemTests.csproj", "{C20DBF92-543B-4549-920F-88535798280F}"
EndProject
Global
	GlobalSection(SolutionConfigurationPlatforms) = preSolution
		Debug|Any CPU = Debug|Any CPU
		Release|Any CPU = Release|Any CPU
	EndGlobalSection
	GlobalSection(ProjectConfigurationPlatforms) = postSolution
		{A37A8A06-BAEC-4B1B-92D5-3A187F63432B}.Debug|Any CPU.ActiveCfg = Debug|Any CPU
		{A37A8A06-BAEC-4B1B-92D5-3A187F63432B}.Debug|Any CPU.Build.0 = Debug|Any CPU
		{A37A8A06-BAEC-4B1B-92D5-3A187F63432B}.Release|Any CPU.ActiveCfg = Release|Any CPU
		{A37A8A06-BAEC-4B1B-92D5-3A187F63432B}.Release|Any CPU.Build.0 = Release|Any CPU
		{C20DBF92-543B-4549-920F-88535798280F}.Debug|Any CPU.ActiveCfg = Debug|Any CPU
		{C20DBF92-543B-4549-920F-88535798280F}.Debug|Any CPU.Build.0 = Debug|Any CPU
		{C20DBF92-543B-4549-920F-88535798280F}.Release|Any CPU.ActiveCfg = Release|Any CPU
		{C20DBF92-543B-4549-920F-88535798280F}.Release|Any CPU.Build.0 = Release|Any CPU
	EndGlobalSection
	GlobalSection(SolutionProperties) = preSolution
		HideSolutionNode = FALSE
	EndGlobalSection
	GlobalSection(ExtensibilityGlobals) = postSolution
		SolutionGuid = {122012E3-8ED8-489D-BEE0-0354AE2B46FD}
	EndGlobalSection
EndGlobal
